
Microsoft Visual Studio Solution File, Format Version 12.00
Project("{FAE04EC0-301F-11D3-BF4B-00C04F79EFBC}") = "VaryenceInterview.SPA", "VaryenceInterview.SPA\VaryenceInterview.SPA.csproj", "{3AA4B028-9223-45FC-8E6E-F2B2B72B4C58}"
EndProject
Project("{FAE04EC0-301F-11D3-BF4B-00C04F79EFBC}") = "VaryenceInterview.Infrastructure", "VaryenceInterview.Infrastructure\VaryenceInterview.Infrastructure.csproj", "{71DD7774-CCEE-423E-A0AF-B272C7CF49C6}"
EndProject
Project("{FAE04EC0-301F-11D3-BF4B-00C04F79EFBC}") = "VaryenceInterview.Domain", "VaryenceInterview.Domain\VaryenceInterview.Domain.csproj", "{D583E4C2-DB3E-4990-A38F-0244B4F3BB11}"
EndProject
Project("{FAE04EC0-301F-11D3-BF4B-00C04F79EFBC}") = "VaryenceInterview.Services", "VaryenceInterview.Services\VaryenceInterview.Services.csproj", "{5E8599EC-04D3-4F5D-B660-7CADF31A93FD}"
EndProject
Project("{FAE04EC0-301F-11D3-BF4B-00C04F79EFBC}") = "VaryenceInterview.Configuration", "VaryenceInterview.Configuration\VaryenceInterview.Configuration.csproj", "{AA5AF0CC-42AA-4559-AD2C-6D7B2EFAF62E}"
EndProject
Project("{FAE04EC0-301F-11D3-BF4B-00C04F79EFBC}") = "VaryenceInterview.Dto", "VaryenceInterview.Dto\VaryenceInterview.Dto.csproj", "{4A235B8A-C5AA-4C52-AAD9-6F978F6F03CA}"
EndProject
Global
	GlobalSection(SolutionConfigurationPlatforms) = preSolution
		Debug|Any CPU = Debug|Any CPU
		Release|Any CPU = Release|Any CPU
	EndGlobalSection
	GlobalSection(ProjectConfigurationPlatforms) = postSolution
		{3AA4B028-9223-45FC-8E6E-F2B2B72B4C58}.Debug|Any CPU.ActiveCfg = Debug|Any CPU
		{3AA4B028-9223-45FC-8E6E-F2B2B72B4C58}.Debug|Any CPU.Build.0 = Debug|Any CPU
		{3AA4B028-9223-45FC-8E6E-F2B2B72B4C58}.Release|Any CPU.ActiveCfg = Release|Any CPU
		{3AA4B028-9223-45FC-8E6E-F2B2B72B4C58}.Release|Any CPU.Build.0 = Release|Any CPU
		{71DD7774-CCEE-423E-A0AF-B272C7CF49C6}.Debug|Any CPU.ActiveCfg = Debug|Any CPU
		{71DD7774-CCEE-423E-A0AF-B272C7CF49C6}.Debug|Any CPU.Build.0 = Debug|Any CPU
		{71DD7774-CCEE-423E-A0AF-B272C7CF49C6}.Release|Any CPU.ActiveCfg = Release|Any CPU
		{71DD7774-CCEE-423E-A0AF-B272C7CF49C6}.Release|Any CPU.Build.0 = Release|Any CPU
		{D583E4C2-DB3E-4990-A38F-0244B4F3BB11}.Debug|Any CPU.ActiveCfg = Debug|Any CPU
		{D583E4C2-DB3E-4990-A38F-0244B4F3BB11}.Debug|Any CPU.Build.0 = Debug|Any CPU
		{D583E4C2-DB3E-4990-A38F-0244B4F3BB11}.Release|Any CPU.ActiveCfg = Release|Any CPU
		{D583E4C2-DB3E-4990-A38F-0244B4F3BB11}.Release|Any CPU.Build.0 = Release|Any CPU
		{5E8599EC-04D3-4F5D-B660-7CADF31A93FD}.Debug|Any CPU.ActiveCfg = Debug|Any CPU
		{5E8599EC-04D3-4F5D-B660-7CADF31A93FD}.Debug|Any CPU.Build.0 = Debug|Any CPU
		{5E8599EC-04D3-4F5D-B660-7CADF31A93FD}.Release|Any CPU.ActiveCfg = Release|Any CPU
		{5E8599EC-04D3-4F5D-B660-7CADF31A93FD}.Release|Any CPU.Build.0 = Release|Any CPU
		{AA5AF0CC-42AA-4559-AD2C-6D7B2EFAF62E}.Debug|Any CPU.ActiveCfg = Debug|Any CPU
		{AA5AF0CC-42AA-4559-AD2C-6D7B2EFAF62E}.Debug|Any CPU.Build.0 = Debug|Any CPU
		{AA5AF0CC-42AA-4559-AD2C-6D7B2EFAF62E}.Release|Any CPU.ActiveCfg = Release|Any CPU
		{AA5AF0CC-42AA-4559-AD2C-6D7B2EFAF62E}.Release|Any CPU.Build.0 = Release|Any CPU
		{4A235B8A-C5AA-4C52-AAD9-6F978F6F03CA}.Debug|Any CPU.ActiveCfg = Debug|Any CPU
		{4A235B8A-C5AA-4C52-AAD9-6F978F6F03CA}.Debug|Any CPU.Build.0 = Debug|Any CPU
		{4A235B8A-C5AA-4C52-AAD9-6F978F6F03CA}.Release|Any CPU.ActiveCfg = Release|Any CPU
		{4A235B8A-C5AA-4C52-AAD9-6F978F6F03CA}.Release|Any CPU.Build.0 = Release|Any CPU
	EndGlobalSection
EndGlobal
