
Microsoft Visual Studio Solution File, Format Version 12.00
Project("{FAE04EC0-301F-11D3-BF4B-00C04F79EFBC}") = "VaryenceInterview.SPA", "VaryenceInterview.SPA\VaryenceInterview.SPA.csproj", "{3AA4B028-9223-45FC-8E6E-F2B2B72B4C58}"
EndProject
Project("{FAE04EC0-301F-11D3-BF4B-00C04F79EFBC}") = "VaryenceInterview.Infrastructure", "VaryenceInterview.Infrastructure\VaryenceInterview.Infrastructure.csproj", "{71DD7774-CCEE-423E-A0AF-B272C7CF49C6}"
EndProject
Project("{FAE04EC0-301F-11D3-BF4B-00C04F79EFBC}") = "VaryenceInterview.Domain", "VaryenceInterview.Domain\VaryenceInterview.Domain.csproj", "{D583E4C2-DB3E-4990-A38F-0244B4F3BB11}"
EndProject
Project("{FAE04EC0-301F-11D3-BF4B-00C04F79EFBC}") = "VaryenceInterview.Services", "VaryenceInterview.Services\VaryenceInterview.Services.csproj", "{5E8599EC-04D3-4F5D-B660-7CADF31A93FD}"
EndProject
Project("{FAE04EC0-301F-11D3-BF4B-00C04F79EFBC}") = "VaryenceInterview.Configuration", "VaryenceInterview.Configuration\VaryenceInterview.Configuration.csproj", "{F9C1DF37-678A-440C-8CBC-779A31E25D5E}"
EndProject
Project("{2150E333-8FDC-42A3-9474-1A3956D46DE8}") = "tests", "tests", "{08AFCC95-7876-49A9-B615-A909EFF1FEBE}"
EndProject
Project("{2150E333-8FDC-42A3-9474-1A3956D46DE8}") = "src", "src", "{35050C14-2307-4C7F-8E98-76CFE0529D4B}"
EndProject
Project("{2150E333-8FDC-42A3-9474-1A3956D46DE8}") = "Unit", "Unit", "{DAEA52D6-E171-4E25-8777-C8F15593545D}"
EndProject
Project("{2150E333-8FDC-42A3-9474-1A3956D46DE8}") = "Integration", "Integration", "{A97045AB-23F6-4871-8003-CAF69D61806A}"
EndProject
Project("{FAE04EC0-301F-11D3-BF4B-00C04F79EFBC}") = "VaryenceInterview.Services.Tests", "VaryenceInterview.Services.Tests\VaryenceInterview.Services.Tests.csproj", "{5B120F2F-2176-40BC-8A34-CEC5BC78A9F8}"
EndProject
Project("{FAE04EC0-301F-11D3-BF4B-00C04F79EFBC}") = "VaryenceInterview.Infrastructure.Tests", "VaryenceInterview.Infrastructure.Tests\VaryenceInterview.Infrastructure.Tests.csproj", "{89214257-1073-47E2-BAFB-9EA630DD2381}"
EndProject
Project("{FAE04EC0-301F-11D3-BF4B-00C04F79EFBC}") = "VaryenceInterview.SPA.Tests", "VaryenceInterview.SPA.Tests\VaryenceInterview.SPA.Tests.csproj", "{8FB7C559-51A9-4264-814F-F2A2F04D38E1}"
EndProject
Project("{FAE04EC0-301F-11D3-BF4B-00C04F79EFBC}") = "VaryenceInterview.Mapper", "VaryenceInterview.Mapper\VaryenceInterview.Mapper.csproj", "{45DAFFFF-5531-476C-ADC0-35F962881683}"
EndProject
Global
	GlobalSection(SolutionConfigurationPlatforms) = preSolution
		Debug|Any CPU = Debug|Any CPU
		Release|Any CPU = Release|Any CPU
	EndGlobalSection
	GlobalSection(ProjectConfigurationPlatforms) = postSolution
		{3AA4B028-9223-45FC-8E6E-F2B2B72B4C58}.Debug|Any CPU.ActiveCfg = Debug|Any CPU
		{3AA4B028-9223-45FC-8E6E-F2B2B72B4C58}.Debug|Any CPU.Build.0 = Debug|Any CPU
		{3AA4B028-9223-45FC-8E6E-F2B2B72B4C58}.Release|Any CPU.ActiveCfg = Release|Any CPU
		{3AA4B028-9223-45FC-8E6E-F2B2B72B4C58}.Release|Any CPU.Build.0 = Release|Any CPU
		{71DD7774-CCEE-423E-A0AF-B272C7CF49C6}.Debug|Any CPU.ActiveCfg = Debug|Any CPU
		{71DD7774-CCEE-423E-A0AF-B272C7CF49C6}.Debug|Any CPU.Build.0 = Debug|Any CPU
		{71DD7774-CCEE-423E-A0AF-B272C7CF49C6}.Release|Any CPU.ActiveCfg = Release|Any CPU
		{71DD7774-CCEE-423E-A0AF-B272C7CF49C6}.Release|Any CPU.Build.0 = Release|Any CPU
		{D583E4C2-DB3E-4990-A38F-0244B4F3BB11}.Debug|Any CPU.ActiveCfg = Debug|Any CPU
		{D583E4C2-DB3E-4990-A38F-0244B4F3BB11}.Debug|Any CPU.Build.0 = Debug|Any CPU
		{D583E4C2-DB3E-4990-A38F-0244B4F3BB11}.Release|Any CPU.ActiveCfg = Release|Any CPU
		{D583E4C2-DB3E-4990-A38F-0244B4F3BB11}.Release|Any CPU.Build.0 = Release|Any CPU
		{5E8599EC-04D3-4F5D-B660-7CADF31A93FD}.Debug|Any CPU.ActiveCfg = Debug|Any CPU
		{5E8599EC-04D3-4F5D-B660-7CADF31A93FD}.Debug|Any CPU.Build.0 = Debug|Any CPU
		{5E8599EC-04D3-4F5D-B660-7CADF31A93FD}.Release|Any CPU.ActiveCfg = Release|Any CPU
		{5E8599EC-04D3-4F5D-B660-7CADF31A93FD}.Release|Any CPU.Build.0 = Release|Any CPU
		{F9C1DF37-678A-440C-8CBC-779A31E25D5E}.Debug|Any CPU.ActiveCfg = Debug|Any CPU
		{F9C1DF37-678A-440C-8CBC-779A31E25D5E}.Debug|Any CPU.Build.0 = Debug|Any CPU
		{F9C1DF37-678A-440C-8CBC-779A31E25D5E}.Release|Any CPU.ActiveCfg = Release|Any CPU
		{F9C1DF37-678A-440C-8CBC-779A31E25D5E}.Release|Any CPU.Build.0 = Release|Any CPU
		{5B120F2F-2176-40BC-8A34-CEC5BC78A9F8}.Debug|Any CPU.ActiveCfg = Debug|Any CPU
		{5B120F2F-2176-40BC-8A34-CEC5BC78A9F8}.Debug|Any CPU.Build.0 = Debug|Any CPU
		{5B120F2F-2176-40BC-8A34-CEC5BC78A9F8}.Release|Any CPU.ActiveCfg = Release|Any CPU
		{5B120F2F-2176-40BC-8A34-CEC5BC78A9F8}.Release|Any CPU.Build.0 = Release|Any CPU
		{89214257-1073-47E2-BAFB-9EA630DD2381}.Debug|Any CPU.ActiveCfg = Debug|Any CPU
		{89214257-1073-47E2-BAFB-9EA630DD2381}.Debug|Any CPU.Build.0 = Debug|Any CPU
		{89214257-1073-47E2-BAFB-9EA630DD2381}.Release|Any CPU.ActiveCfg = Release|Any CPU
		{89214257-1073-47E2-BAFB-9EA630DD2381}.Release|Any CPU.Build.0 = Release|Any CPU
		{8FB7C559-51A9-4264-814F-F2A2F04D38E1}.Debug|Any CPU.ActiveCfg = Debug|Any CPU
		{8FB7C559-51A9-4264-814F-F2A2F04D38E1}.Debug|Any CPU.Build.0 = Debug|Any CPU
		{8FB7C559-51A9-4264-814F-F2A2F04D38E1}.Release|Any CPU.ActiveCfg = Release|Any CPU
		{8FB7C559-51A9-4264-814F-F2A2F04D38E1}.Release|Any CPU.Build.0 = Release|Any CPU
		{45DAFFFF-5531-476C-ADC0-35F962881683}.Debug|Any CPU.ActiveCfg = Debug|Any CPU
		{45DAFFFF-5531-476C-ADC0-35F962881683}.Debug|Any CPU.Build.0 = Debug|Any CPU
		{45DAFFFF-5531-476C-ADC0-35F962881683}.Release|Any CPU.ActiveCfg = Release|Any CPU
		{45DAFFFF-5531-476C-ADC0-35F962881683}.Release|Any CPU.Build.0 = Release|Any CPU
	EndGlobalSection
	GlobalSection(NestedProjects) = preSolution
		{F9C1DF37-678A-440C-8CBC-779A31E25D5E} = {35050C14-2307-4C7F-8E98-76CFE0529D4B}
		{D583E4C2-DB3E-4990-A38F-0244B4F3BB11} = {35050C14-2307-4C7F-8E98-76CFE0529D4B}
		{71DD7774-CCEE-423E-A0AF-B272C7CF49C6} = {35050C14-2307-4C7F-8E98-76CFE0529D4B}
		{5E8599EC-04D3-4F5D-B660-7CADF31A93FD} = {35050C14-2307-4C7F-8E98-76CFE0529D4B}
		{3AA4B028-9223-45FC-8E6E-F2B2B72B4C58} = {35050C14-2307-4C7F-8E98-76CFE0529D4B}
		{DAEA52D6-E171-4E25-8777-C8F15593545D} = {08AFCC95-7876-49A9-B615-A909EFF1FEBE}
		{A97045AB-23F6-4871-8003-CAF69D61806A} = {08AFCC95-7876-49A9-B615-A909EFF1FEBE}
		{5B120F2F-2176-40BC-8A34-CEC5BC78A9F8} = {DAEA52D6-E171-4E25-8777-C8F15593545D}
		{89214257-1073-47E2-BAFB-9EA630DD2381} = {DAEA52D6-E171-4E25-8777-C8F15593545D}
		{8FB7C559-51A9-4264-814F-F2A2F04D38E1} = {DAEA52D6-E171-4E25-8777-C8F15593545D}
		{45DAFFFF-5531-476C-ADC0-35F962881683} = {35050C14-2307-4C7F-8E98-76CFE0529D4B}
	EndGlobalSection
EndGlobal
